
Microsoft Visual Studio Solution File, Format Version 12.00
# Visual Studio 15
VisualStudioVersion = 15.0.27428.2005
MinimumVisualStudioVersion = 10.0.40219.1
Project("{FAE04EC0-301F-11D3-BF4B-00C04F79EFBC}") = "main", "main\main.csproj", "{79A7629A-3BC7-43DD-80A5-E1A92B403C09}"
	ProjectSection(ProjectDependencies) = postProject
		{442D8AFF-11D7-4DE8-B8CC-5D485D528074} = {442D8AFF-11D7-4DE8-B8CC-5D485D528074}
	EndProjectSection
EndProject
Project("{FAE04EC0-301F-11D3-BF4B-00C04F79EFBC}") = "adims_BLL", "adims_BLL\adims_BLL.csproj", "{DBAAC667-E7C1-4820-BFD5-4BEB5C1BAB59}"
EndProject
Project("{FAE04EC0-301F-11D3-BF4B-00C04F79EFBC}") = "adims_DAL", "adims_DAL\adims_DAL.csproj", "{17D7D14C-7640-45C5-AFEA-94DA84893449}"
EndProject
Project("{FAE04EC0-301F-11D3-BF4B-00C04F79EFBC}") = "adims_MODEL", "adims_MODEL\adims_MODEL.csproj", "{F2BF0CFD-289B-403F-BF4D-006B750317BE}"
EndProject
Project("{FAE04EC0-301F-11D3-BF4B-00C04F79EFBC}") = "Adims.LargeScreenWaitZone", "Adims.LargeScreen\Adims.LargeScreenWaitZone.csproj", "{F3247232-749B-4384-8E20-B9BF7D36691C}"
EndProject
Project("{FAE04EC0-301F-11D3-BF4B-00C04F79EFBC}") = "HisOperSync", "InsertSysLogTool\HisOperSync.csproj", "{7732E37D-72B6-42C7-8C43-F77964FD9411}"
EndProject
Project("{FAE04EC0-301F-11D3-BF4B-00C04F79EFBC}") = "Adims_Utility", "Adims_Utility\Adims_Utility.csproj", "{442D8AFF-11D7-4DE8-B8CC-5D485D528074}"
EndProject
Project("{FAE04EC0-301F-11D3-BF4B-00C04F79EFBC}") = "InsertSysLogTool2", "HisOperSync\InsertSysLogTool2.csproj", "{D6870184-C577-44EE-AA75-356ED3405F40}"
EndProject
Global
	GlobalSection(SolutionConfigurationPlatforms) = preSolution
		Debug|Any CPU = Debug|Any CPU
		Debug|Mixed Platforms = Debug|Mixed Platforms
		Debug|x86 = Debug|x86
		Release|Any CPU = Release|Any CPU
		Release|Mixed Platforms = Release|Mixed Platforms
		Release|x86 = Release|x86
	EndGlobalSection
	GlobalSection(ProjectConfigurationPlatforms) = postSolution
		{79A7629A-3BC7-43DD-80A5-E1A92B403C09}.Debug|Any CPU.ActiveCfg = Debug|x86
		{79A7629A-3BC7-43DD-80A5-E1A92B403C09}.Debug|Any CPU.Build.0 = Debug|x86
		{79A7629A-3BC7-43DD-80A5-E1A92B403C09}.Debug|Mixed Platforms.ActiveCfg = Debug|x86
		{79A7629A-3BC7-43DD-80A5-E1A92B403C09}.Debug|Mixed Platforms.Build.0 = Debug|x86
		{79A7629A-3BC7-43DD-80A5-E1A92B403C09}.Debug|x86.ActiveCfg = Debug|x86
		{79A7629A-3BC7-43DD-80A5-E1A92B403C09}.Debug|x86.Build.0 = Debug|x86
		{79A7629A-3BC7-43DD-80A5-E1A92B403C09}.Release|Any CPU.ActiveCfg = Release|x86
		{79A7629A-3BC7-43DD-80A5-E1A92B403C09}.Release|Mixed Platforms.ActiveCfg = Release|x86
		{79A7629A-3BC7-43DD-80A5-E1A92B403C09}.Release|Mixed Platforms.Build.0 = Release|x86
		{79A7629A-3BC7-43DD-80A5-E1A92B403C09}.Release|x86.ActiveCfg = Release|x86
		{79A7629A-3BC7-43DD-80A5-E1A92B403C09}.Release|x86.Build.0 = Release|x86
		{DBAAC667-E7C1-4820-BFD5-4BEB5C1BAB59}.Debug|Any CPU.ActiveCfg = Debug|Any CPU
		{DBAAC667-E7C1-4820-BFD5-4BEB5C1BAB59}.Debug|Any CPU.Build.0 = Debug|Any CPU
		{DBAAC667-E7C1-4820-BFD5-4BEB5C1BAB59}.Debug|Mixed Platforms.ActiveCfg = Debug|Any CPU
		{DBAAC667-E7C1-4820-BFD5-4BEB5C1BAB59}.Debug|Mixed Platforms.Build.0 = Debug|Any CPU
		{DBAAC667-E7C1-4820-BFD5-4BEB5C1BAB59}.Debug|x86.ActiveCfg = Debug|Any CPU
		{DBAAC667-E7C1-4820-BFD5-4BEB5C1BAB59}.Release|Any CPU.ActiveCfg = Release|Any CPU
		{DBAAC667-E7C1-4820-BFD5-4BEB5C1BAB59}.Release|Any CPU.Build.0 = Release|Any CPU
		{DBAAC667-E7C1-4820-BFD5-4BEB5C1BAB59}.Release|Mixed Platforms.ActiveCfg = Release|Any CPU
		{DBAAC667-E7C1-4820-BFD5-4BEB5C1BAB59}.Release|Mixed Platforms.Build.0 = Release|Any CPU
		{DBAAC667-E7C1-4820-BFD5-4BEB5C1BAB59}.Release|x86.ActiveCfg = Release|Any CPU
		{17D7D14C-7640-45C5-AFEA-94DA84893449}.Debug|Any CPU.ActiveCfg = Debug|Any CPU
		{17D7D14C-7640-45C5-AFEA-94DA84893449}.Debug|Any CPU.Build.0 = Debug|Any CPU
		{17D7D14C-7640-45C5-AFEA-94DA84893449}.Debug|Mixed Platforms.ActiveCfg = Debug|Any CPU
		{17D7D14C-7640-45C5-AFEA-94DA84893449}.Debug|Mixed Platforms.Build.0 = Debug|Any CPU
		{17D7D14C-7640-45C5-AFEA-94DA84893449}.Debug|x86.ActiveCfg = Debug|Any CPU
		{17D7D14C-7640-45C5-AFEA-94DA84893449}.Release|Any CPU.ActiveCfg = Release|Any CPU
		{17D7D14C-7640-45C5-AFEA-94DA84893449}.Release|Any CPU.Build.0 = Release|Any CPU
		{17D7D14C-7640-45C5-AFEA-94DA84893449}.Release|Mixed Platforms.ActiveCfg = Release|Any CPU
		{17D7D14C-7640-45C5-AFEA-94DA84893449}.Release|Mixed Platforms.Build.0 = Release|Any CPU
		{17D7D14C-7640-45C5-AFEA-94DA84893449}.Release|x86.ActiveCfg = Release|Any CPU
		{F2BF0CFD-289B-403F-BF4D-006B750317BE}.Debug|Any CPU.ActiveCfg = Debug|Any CPU
		{F2BF0CFD-289B-403F-BF4D-006B750317BE}.Debug|Any CPU.Build.0 = Debug|Any CPU
		{F2BF0CFD-289B-403F-BF4D-006B750317BE}.Debug|Mixed Platforms.ActiveCfg = Debug|Any CPU
		{F2BF0CFD-289B-403F-BF4D-006B750317BE}.Debug|Mixed Platforms.Build.0 = Debug|Any CPU
		{F2BF0CFD-289B-403F-BF4D-006B750317BE}.Debug|x86.ActiveCfg = Debug|Any CPU
		{F2BF0CFD-289B-403F-BF4D-006B750317BE}.Release|Any CPU.ActiveCfg = Release|Any CPU
		{F2BF0CFD-289B-403F-BF4D-006B750317BE}.Release|Any CPU.Build.0 = Release|Any CPU
		{F2BF0CFD-289B-403F-BF4D-006B750317BE}.Release|Mixed Platforms.ActiveCfg = Release|Any CPU
		{F2BF0CFD-289B-403F-BF4D-006B750317BE}.Release|Mixed Platforms.Build.0 = Release|Any CPU
		{F2BF0CFD-289B-403F-BF4D-006B750317BE}.Release|x86.ActiveCfg = Release|Any CPU
		{F3247232-749B-4384-8E20-B9BF7D36691C}.Debug|Any CPU.ActiveCfg = Debug|Any CPU
		{F3247232-749B-4384-8E20-B9BF7D36691C}.Debug|Any CPU.Build.0 = Debug|Any CPU
		{F3247232-749B-4384-8E20-B9BF7D36691C}.Debug|Mixed Platforms.ActiveCfg = Debug|Any CPU
		{F3247232-749B-4384-8E20-B9BF7D36691C}.Debug|Mixed Platforms.Build.0 = Debug|Any CPU
		{F3247232-749B-4384-8E20-B9BF7D36691C}.Debug|x86.ActiveCfg = Debug|Any CPU
		{F3247232-749B-4384-8E20-B9BF7D36691C}.Debug|x86.Build.0 = Debug|Any CPU
		{F3247232-749B-4384-8E20-B9BF7D36691C}.Release|Any CPU.ActiveCfg = Release|Any CPU
		{F3247232-749B-4384-8E20-B9BF7D36691C}.Release|Any CPU.Build.0 = Release|Any CPU
		{F3247232-749B-4384-8E20-B9BF7D36691C}.Release|Mixed Platforms.ActiveCfg = Release|Any CPU
		{F3247232-749B-4384-8E20-B9BF7D36691C}.Release|Mixed Platforms.Build.0 = Release|Any CPU
		{F3247232-749B-4384-8E20-B9BF7D36691C}.Release|x86.ActiveCfg = Release|Any CPU
		{F3247232-749B-4384-8E20-B9BF7D36691C}.Release|x86.Build.0 = Release|Any CPU
		{7732E37D-72B6-42C7-8C43-F77964FD9411}.Debug|Any CPU.ActiveCfg = Debug|Any CPU
		{7732E37D-72B6-42C7-8C43-F77964FD9411}.Debug|Any CPU.Build.0 = Debug|Any CPU
		{7732E37D-72B6-42C7-8C43-F77964FD9411}.Debug|Mixed Platforms.ActiveCfg = Debug|Any CPU
		{7732E37D-72B6-42C7-8C43-F77964FD9411}.Debug|Mixed Platforms.Build.0 = Debug|Any CPU
		{7732E37D-72B6-42C7-8C43-F77964FD9411}.Debug|x86.ActiveCfg = Debug|Any CPU
		{7732E37D-72B6-42C7-8C43-F77964FD9411}.Debug|x86.Build.0 = Debug|Any CPU
		{7732E37D-72B6-42C7-8C43-F77964FD9411}.Release|Any CPU.ActiveCfg = Release|Any CPU
		{7732E37D-72B6-42C7-8C43-F77964FD9411}.Release|Any CPU.Build.0 = Release|Any CPU
		{7732E37D-72B6-42C7-8C43-F77964FD9411}.Release|Mixed Platforms.ActiveCfg = Release|Any CPU
		{7732E37D-72B6-42C7-8C43-F77964FD9411}.Release|Mixed Platforms.Build.0 = Release|Any CPU
		{7732E37D-72B6-42C7-8C43-F77964FD9411}.Release|x86.ActiveCfg = Release|Any CPU
		{7732E37D-72B6-42C7-8C43-F77964FD9411}.Release|x86.Build.0 = Release|Any CPU
		{442D8AFF-11D7-4DE8-B8CC-5D485D528074}.Debug|Any CPU.ActiveCfg = Debug|Any CPU
		{442D8AFF-11D7-4DE8-B8CC-5D485D528074}.Debug|Any CPU.Build.0 = Debug|Any CPU
		{442D8AFF-11D7-4DE8-B8CC-5D485D528074}.Debug|Mixed Platforms.ActiveCfg = Debug|Any CPU
		{442D8AFF-11D7-4DE8-B8CC-5D485D528074}.Debug|Mixed Platforms.Build.0 = Debug|Any CPU
		{442D8AFF-11D7-4DE8-B8CC-5D485D528074}.Debug|x86.ActiveCfg = Debug|Any CPU
		{442D8AFF-11D7-4DE8-B8CC-5D485D528074}.Debug|x86.Build.0 = Debug|Any CPU
		{442D8AFF-11D7-4DE8-B8CC-5D485D528074}.Release|Any CPU.ActiveCfg = Release|Any CPU
		{442D8AFF-11D7-4DE8-B8CC-5D485D528074}.Release|Any CPU.Build.0 = Release|Any CPU
		{442D8AFF-11D7-4DE8-B8CC-5D485D528074}.Release|Mixed Platforms.ActiveCfg = Release|Any CPU
		{442D8AFF-11D7-4DE8-B8CC-5D485D528074}.Release|Mixed Platforms.Build.0 = Release|Any CPU
		{442D8AFF-11D7-4DE8-B8CC-5D485D528074}.Release|x86.ActiveCfg = Release|Any CPU
		{442D8AFF-11D7-4DE8-B8CC-5D485D528074}.Release|x86.Build.0 = Release|Any CPU
		{D6870184-C577-44EE-AA75-356ED3405F40}.Debug|Any CPU.ActiveCfg = Debug|Any CPU
		{D6870184-C577-44EE-AA75-356ED3405F40}.Debug|Any CPU.Build.0 = Debug|Any CPU
		{D6870184-C577-44EE-AA75-356ED3405F40}.Debug|Mixed Platforms.ActiveCfg = Debug|Any CPU
		{D6870184-C577-44EE-AA75-356ED3405F40}.Debug|Mixed Platforms.Build.0 = Debug|Any CPU
		{D6870184-C577-44EE-AA75-356ED3405F40}.Debug|x86.ActiveCfg = Debug|Any CPU
		{D6870184-C577-44EE-AA75-356ED3405F40}.Debug|x86.Build.0 = Debug|Any CPU
		{D6870184-C577-44EE-AA75-356ED3405F40}.Release|Any CPU.ActiveCfg = Release|Any CPU
		{D6870184-C577-44EE-AA75-356ED3405F40}.Release|Any CPU.Build.0 = Release|Any CPU
		{D6870184-C577-44EE-AA75-356ED3405F40}.Release|Mixed Platforms.ActiveCfg = Release|Any CPU
		{D6870184-C577-44EE-AA75-356ED3405F40}.Release|Mixed Platforms.Build.0 = Release|Any CPU
		{D6870184-C577-44EE-AA75-356ED3405F40}.Release|x86.ActiveCfg = Release|Any CPU
		{D6870184-C577-44EE-AA75-356ED3405F40}.Release|x86.Build.0 = Release|Any CPU
	EndGlobalSection
	GlobalSection(SolutionProperties) = preSolution
		HideSolutionNode = FALSE
	EndGlobalSection
	GlobalSection(ExtensibilityGlobals) = postSolution
		SolutionGuid = {727CDD55-9575-4E8C-B5BA-1A63ED3EB7BC}
	EndGlobalSection
EndGlobal
